
Microsoft Visual Studio Solution File, Format Version 12.00
# Visual Studio Version 17
VisualStudioVersion = 17.4.33205.214
MinimumVisualStudioVersion = 10.0.40219.1
Project("{FAE04EC0-301F-11D3-BF4B-00C04F79EFBC}") = "HotelListingAPI", "HotelListingAPI\HotelListingAPI.csproj", "{9A8CEA41-000A-481A-9C19-8BC6B00FBF57}"
EndProject
Global
	GlobalSection(SolutionConfigurationPlatforms) = preSolution
		Debug|Any CPU = Debug|Any CPU
		Release|Any CPU = Release|Any CPU
	EndGlobalSection
	GlobalSection(ProjectConfigurationPlatforms) = postSolution
		{9A8CEA41-000A-481A-9C19-8BC6B00FBF57}.Debug|Any CPU.ActiveCfg = Debug|Any CPU
		{9A8CEA41-000A-481A-9C19-8BC6B00FBF57}.Debug|Any CPU.Build.0 = Debug|Any CPU
		{9A8CEA41-000A-481A-9C19-8BC6B00FBF57}.Release|Any CPU.ActiveCfg = Release|Any CPU
		{9A8CEA41-000A-481A-9C19-8BC6B00FBF57}.Release|Any CPU.Build.0 = Release|Any CPU
	EndGlobalSection
	GlobalSection(SolutionProperties) = preSolution
		HideSolutionNode = FALSE
	EndGlobalSection
	GlobalSection(ExtensibilityGlobals) = postSolution
		SolutionGuid = {BEDE0F32-A5EE-4D78-B2E9-F51D789BE123}
	EndGlobalSection
EndGlobal
